{
  "name": "ifme",
  "requires": true,
  "lockfileVersion": 1,
  "dependencies": {
    "exenv": {
      "version": "1.2.2",
      "resolved": "https://registry.npmjs.org/exenv/-/exenv-1.2.2.tgz",
      "integrity": "sha1-KueOhdmJQVhnCwPUe+wfA72Ru50="
    },
    "react-scrolllock": {
      "version": "3.0.2",
      "resolved": "https://registry.npmjs.org/react-scrolllock/-/react-scrolllock-3.0.2.tgz",
      "integrity": "sha512-ZShCKvt4bxxhqngaegHsZuoTIUDt4QOHd0saJ/cfJAu0LwCOoRaQfRZe9UPT/bpDE944u/GhuTWBmGaW9YER7Q==",
      "requires": {
        "exenv": "^1.2.2"
      }
    }
  }
}
