# THIS IS AN AUTOGENERATED FILE. DO NOT EDIT THIS FILE DIRECTLY.
# yarn lockfile v1


"js-tokens@^3.0.0 || ^4.0.0":
  version "4.0.0"
  resolved "https://registry.yarnpkg.com/js-tokens/-/js-tokens-4.0.0.tgz#19203fb59991df98e3a287050d4647cdeaf32499"
  integrity sha512-RdJUflcE3cUzKiMqQgsCu06FPu9UdIJO0beYbPhHN4k6apgJtifcoCtT9bcxOpYBtpD2kCM6Sbzg4CausW/PKQ==

loose-envify@^1.4.0:
  version "1.4.0"
  resolved "https://registry.yarnpkg.com/loose-envify/-/loose-envify-1.4.0.tgz#71ee51fa7be4caec1a63839f7e682d8132d30caf"
  integrity sha512-lyuxPGr/Wfhrlem2CL/UcnUc1zcqKAImBDzukY7Y5F/yQiNdko6+fRLevlw1HgMySw7f611UIY408EtxRSoK3Q==
  dependencies:
    js-tokens "^3.0.0 || ^4.0.0"

object-assign@^3.0.0:
  version "3.0.0"
  resolved "https://registry.yarnpkg.com/object-assign/-/object-assign-3.0.0.tgz#9bedd5ca0897949bca47e7ff408062d549f587f2"
  integrity sha1-m+3VygiXlJvKR+f/QIBi1Un1h/I=

object-assign@^4.1.1:
  version "4.1.1"
  resolved "https://registry.yarnpkg.com/object-assign/-/object-assign-4.1.1.tgz#2109adc7965887cfc05cbbd442cac8bfbb360863"
  integrity sha1-IQmtx5ZYh8/AXLvUQsrIv7s2CGM=

prop-types@^15.5.10, prop-types@^15.5.8:
  version "15.7.2"
  resolved "https://registry.yarnpkg.com/prop-types/-/prop-types-15.7.2.tgz#52c41e75b8c87e72b9d9360e0206b99dcbffa6c5"
  integrity sha512-8QQikdH7//R2vurIJSutZ1smHYTcLpRWEOlHnzcWHmBYrOGUysKwSsrC89BCiFj3CbrfJ/nXFdJepOVrY1GCHQ==
  dependencies:
    loose-envify "^1.4.0"
    object-assign "^4.1.1"
    react-is "^16.8.1"

react-autosuggest@^9.4.3:
  version "9.4.3"
  resolved "https://registry.yarnpkg.com/react-autosuggest/-/react-autosuggest-9.4.3.tgz#eb46852422a48144ab9f39fb5470319222f26c7c"
  integrity sha512-wFbp5QpgFQRfw9cwKvcgLR8theikOUkv8PFsuLYqI2PUgVlx186Cz8MYt5bLxculi+jxGGUUVt+h0esaBZZouw==
  dependencies:
    prop-types "^15.5.10"
    react-autowhatever "^10.1.2"
    shallow-equal "^1.0.0"

react-autowhatever@^10.1.2:
  version "10.2.0"
  resolved "https://registry.yarnpkg.com/react-autowhatever/-/react-autowhatever-10.2.0.tgz#bdd07bf19ddf78acdb8ce7ae162ac13b646874ab"
  integrity sha512-dqHH4uqiJldPMbL8hl/i2HV4E8FMTDEdVlOIbRqYnJi0kTpWseF9fJslk/KS9pGDnm80JkYzVI+nzFjnOG/u+g==
  dependencies:
    prop-types "^15.5.8"
    react-themeable "^1.1.0"
    section-iterator "^2.0.0"

react-is@^16.8.1:
  version "16.9.0"
  resolved "https://registry.yarnpkg.com/react-is/-/react-is-16.9.0.tgz#21ca9561399aad0ff1a7701c01683e8ca981edcb"
  integrity sha512-tJBzzzIgnnRfEm046qRcURvwQnZVXmuCbscxUO5RWrGTXpon2d4c8mI0D8WE6ydVIm29JiLB6+RslkIvym9Rjw==

react-themeable@^1.1.0:
  version "1.1.0"
  resolved "https://registry.yarnpkg.com/react-themeable/-/react-themeable-1.1.0.tgz#7d4466dd9b2b5fa75058727825e9f152ba379a0e"
  integrity sha1-fURm3ZsrX6dQWHJ4JenxUro3mg4=
  dependencies:
    object-assign "^3.0.0"

section-iterator@^2.0.0:
  version "2.0.0"
  resolved "https://registry.yarnpkg.com/section-iterator/-/section-iterator-2.0.0.tgz#bf444d7afeeb94ad43c39ad2fb26151627ccba2a"
  integrity sha1-v0RNev7rlK1Dw5rS+yYVFifMuio=

shallow-equal@^1.0.0:
  version "1.2.0"
  resolved "https://registry.yarnpkg.com/shallow-equal/-/shallow-equal-1.2.0.tgz#fd828d2029ff4e19569db7e19e535e94e2d1f5cc"
  integrity sha512-Z21pVxR4cXsfwpMKMhCEIO1PCi5sp7KEp+CmOpBQ+E8GpHwKOw2sEzk7sgblM3d/j4z4gakoWEoPcjK0VJQogA==
