# THIS IS AN AUTOGENERATED FILE. DO NOT EDIT THIS FILE DIRECTLY.
# yarn lockfile v1


exenv@^1.2.2:
  version "1.2.2"
  resolved "https://registry.yarnpkg.com/exenv/-/exenv-1.2.2.tgz#2ae78e85d9894158670b03d47bec1f03bd91bb9d"

react-scrolllock@^3.0.2:
  version "3.0.2"
  resolved "https://registry.yarnpkg.com/react-scrolllock/-/react-scrolllock-3.0.2.tgz#b1607cb5f6b8a3bce02c78e7dfb1cbe564c1e992"
  dependencies:
    exenv "^1.2.2"
